
Microsoft Visual Studio Solution File, Format Version 12.00
# Visual Studio Version 16
VisualStudioVersion = 16.0.28803.202
MinimumVisualStudioVersion = 10.0.40219.1
Project("{FAE04EC0-301F-11D3-BF4B-00C04F79EFBC}") = "Projet_mpt", "Projet_mpt\Projet_mpt.csproj", "{C16B8074-B170-49BC-98AA-3B17ADDAD4F9}"
EndProject
Global
	GlobalSection(SolutionConfigurationPlatforms) = preSolution
		Debug|Any CPU = Debug|Any CPU
		Release|Any CPU = Release|Any CPU
	EndGlobalSection
	GlobalSection(ProjectConfigurationPlatforms) = postSolution
		{C16B8074-B170-49BC-98AA-3B17ADDAD4F9}.Debug|Any CPU.ActiveCfg = Debug|Any CPU
		{C16B8074-B170-49BC-98AA-3B17ADDAD4F9}.Debug|Any CPU.Build.0 = Debug|Any CPU
		{C16B8074-B170-49BC-98AA-3B17ADDAD4F9}.Release|Any CPU.ActiveCfg = Release|Any CPU
		{C16B8074-B170-49BC-98AA-3B17ADDAD4F9}.Release|Any CPU.Build.0 = Release|Any CPU
	EndGlobalSection
	GlobalSection(SolutionProperties) = preSolution
		HideSolutionNode = FALSE
	EndGlobalSection
	GlobalSection(ExtensibilityGlobals) = postSolution
		SolutionGuid = {99AD567C-33FF-4264-B4D8-68DBF14A3808}
	EndGlobalSection
EndGlobal
